
Microsoft Visual Studio Solution File, Format Version 9.00
# Visual Studio 2005
Project("{8BC9CEB8-8B4A-11D0-8D11-00A0C91BC942}") = "stellarium", "stellarium\stellarium.vcproj", "{6AF6B528-6A25-48AE-9C5F-CBBEA53B7F82}"
	ProjectSection(ProjectDependencies) = postProject
		{3A704DFE-5D56-45F8-B7C5-6D0B0C0E3182} = {3A704DFE-5D56-45F8-B7C5-6D0B0C0E3182}
		{BCD05BF6-EF99-46A3-A62C-1FE86A8A3D32} = {BCD05BF6-EF99-46A3-A62C-1FE86A8A3D32}
		{422195EB-6ADF-470A-ACB6-15102455D1D1} = {422195EB-6ADF-470A-ACB6-15102455D1D1}
		{D0087BEB-3E7B-4004-BD4A-E4D071CF8D92} = {D0087BEB-3E7B-4004-BD4A-E4D071CF8D92}
		{81CE8DAF-EBB2-4761-8E45-B71ABCCA8C68} = {81CE8DAF-EBB2-4761-8E45-B71ABCCA8C68}
		{4E2A7F9D-61EA-438D-8313-D41029238F28} = {4E2A7F9D-61EA-438D-8313-D41029238F28}
		{9CF2B398-9087-4D33-90EB-0320F42C78F4} = {9CF2B398-9087-4D33-90EB-0320F42C78F4}
		{13109A53-437F-4E2F-B644-F0FFBBF1F77F} = {13109A53-437F-4E2F-B644-F0FFBBF1F77F}
		{571C8E24-AB93-4E18-B8E6-DF3410A6DC4E} = {571C8E24-AB93-4E18-B8E6-DF3410A6DC4E}
	EndProjectSection
EndProject
Project("{8BC9CEB8-8B4A-11D0-8D11-00A0C91BC942}") = "freetype", "freetype\freetype.vcproj", "{D0087BEB-3E7B-4004-BD4A-E4D071CF8D92}"
EndProject
Project("{8BC9CEB8-8B4A-11D0-8D11-00A0C91BC942}") = "zlib", "zlib\zlib.vcproj", "{3A704DFE-5D56-45F8-B7C5-6D0B0C0E3182}"
EndProject
Project("{8BC9CEB8-8B4A-11D0-8D11-00A0C91BC942}") = "libpng", "lpng\libpng.vcproj", "{4E2A7F9D-61EA-438D-8313-D41029238F28}"
	ProjectSection(ProjectDependencies) = postProject
		{3A704DFE-5D56-45F8-B7C5-6D0B0C0E3182} = {3A704DFE-5D56-45F8-B7C5-6D0B0C0E3182}
	EndProjectSection
EndProject
Project("{8BC9CEB8-8B4A-11D0-8D11-00A0C91BC942}") = "SDL", "SDL\SDL.vcproj", "{81CE8DAF-EBB2-4761-8E45-B71ABCCA8C68}"
EndProject
Project("{8BC9CEB8-8B4A-11D0-8D11-00A0C91BC942}") = "gettext", "..\gettext\gettext.vcproj", "{13109A53-437F-4E2F-B644-F0FFBBF1F77F}"
EndProject
Project("{8BC9CEB8-8B4A-11D0-8D11-00A0C91BC942}") = "libcharset", "..\libcharset\libcharset.vcproj", "{422195EB-6ADF-470A-ACB6-15102455D1D1}"
EndProject
Project("{8BC9CEB8-8B4A-11D0-8D11-00A0C91BC942}") = "libiconv", "..\libiconv\libiconv.vcproj", "{BCD05BF6-EF99-46A3-A62C-1FE86A8A3D32}"
EndProject
Project("{8BC9CEB8-8B4A-11D0-8D11-00A0C91BC942}") = "lib3ds", "..\lib3ds-1.3.0\msvc8\lib3ds.vcproj", "{9CF2B398-9087-4D33-90EB-0320F42C78F4}"
EndProject
Project("{8BC9CEB8-8B4A-11D0-8D11-00A0C91BC942}") = "SDL_image", "..\SDL_image-1.2.6\VisualC\SDL_image.vcproj", "{571C8E24-AB93-4E18-B8E6-DF3410A6DC4E}"
	ProjectSection(ProjectDependencies) = postProject
		{81CE8DAF-EBB2-4761-8E45-B71ABCCA8C68} = {81CE8DAF-EBB2-4761-8E45-B71ABCCA8C68}
	EndProjectSection
EndProject
Global
	GlobalSection(SolutionConfigurationPlatforms) = preSolution
		Debug|Win32 = Debug|Win32
		Release|Win32 = Release|Win32
	EndGlobalSection
	GlobalSection(ProjectConfigurationPlatforms) = postSolution
		{6AF6B528-6A25-48AE-9C5F-CBBEA53B7F82}.Debug|Win32.ActiveCfg = Debug|Win32
		{6AF6B528-6A25-48AE-9C5F-CBBEA53B7F82}.Debug|Win32.Build.0 = Debug|Win32
		{6AF6B528-6A25-48AE-9C5F-CBBEA53B7F82}.Release|Win32.ActiveCfg = Release|Win32
		{6AF6B528-6A25-48AE-9C5F-CBBEA53B7F82}.Release|Win32.Build.0 = Release|Win32
		{D0087BEB-3E7B-4004-BD4A-E4D071CF8D92}.Debug|Win32.ActiveCfg = Debug Multithreaded|Win32
		{D0087BEB-3E7B-4004-BD4A-E4D071CF8D92}.Debug|Win32.Build.0 = Debug Multithreaded|Win32
		{D0087BEB-3E7B-4004-BD4A-E4D071CF8D92}.Release|Win32.ActiveCfg = Release Multithreaded|Win32
		{D0087BEB-3E7B-4004-BD4A-E4D071CF8D92}.Release|Win32.Build.0 = Release Multithreaded|Win32
		{3A704DFE-5D56-45F8-B7C5-6D0B0C0E3182}.Debug|Win32.ActiveCfg = LIB Debug|Win32
		{3A704DFE-5D56-45F8-B7C5-6D0B0C0E3182}.Debug|Win32.Build.0 = LIB Debug|Win32
		{3A704DFE-5D56-45F8-B7C5-6D0B0C0E3182}.Release|Win32.ActiveCfg = LIB Release|Win32
		{3A704DFE-5D56-45F8-B7C5-6D0B0C0E3182}.Release|Win32.Build.0 = LIB Release|Win32
		{4E2A7F9D-61EA-438D-8313-D41029238F28}.Debug|Win32.ActiveCfg = LIB Debug|Win32
		{4E2A7F9D-61EA-438D-8313-D41029238F28}.Debug|Win32.Build.0 = LIB Debug|Win32
		{4E2A7F9D-61EA-438D-8313-D41029238F28}.Release|Win32.ActiveCfg = LIB Release|Win32
		{4E2A7F9D-61EA-438D-8313-D41029238F28}.Release|Win32.Build.0 = LIB Release|Win32
		{81CE8DAF-EBB2-4761-8E45-B71ABCCA8C68}.Debug|Win32.ActiveCfg = Debug|Win32
		{81CE8DAF-EBB2-4761-8E45-B71ABCCA8C68}.Debug|Win32.Build.0 = Debug|Win32
		{81CE8DAF-EBB2-4761-8E45-B71ABCCA8C68}.Release|Win32.ActiveCfg = Release|Win32
		{81CE8DAF-EBB2-4761-8E45-B71ABCCA8C68}.Release|Win32.Build.0 = Release|Win32
		{13109A53-437F-4E2F-B644-F0FFBBF1F77F}.Debug|Win32.ActiveCfg = Debug|Win32
		{13109A53-437F-4E2F-B644-F0FFBBF1F77F}.Debug|Win32.Build.0 = Debug|Win32
		{13109A53-437F-4E2F-B644-F0FFBBF1F77F}.Release|Win32.ActiveCfg = Release|Win32
		{13109A53-437F-4E2F-B644-F0FFBBF1F77F}.Release|Win32.Build.0 = Release|Win32
		{422195EB-6ADF-470A-ACB6-15102455D1D1}.Debug|Win32.ActiveCfg = Debug|Win32
		{422195EB-6ADF-470A-ACB6-15102455D1D1}.Debug|Win32.Build.0 = Debug|Win32
		{422195EB-6ADF-470A-ACB6-15102455D1D1}.Release|Win32.ActiveCfg = Release|Win32
		{422195EB-6ADF-470A-ACB6-15102455D1D1}.Release|Win32.Build.0 = Release|Win32
		{BCD05BF6-EF99-46A3-A62C-1FE86A8A3D32}.Debug|Win32.ActiveCfg = Debug|Win32
		{BCD05BF6-EF99-46A3-A62C-1FE86A8A3D32}.Debug|Win32.Build.0 = Debug|Win32
		{BCD05BF6-EF99-46A3-A62C-1FE86A8A3D32}.Release|Win32.ActiveCfg = Release|Win32
		{BCD05BF6-EF99-46A3-A62C-1FE86A8A3D32}.Release|Win32.Build.0 = Release|Win32
		{9CF2B398-9087-4D33-90EB-0320F42C78F4}.Debug|Win32.ActiveCfg = Debug|Win32
		{9CF2B398-9087-4D33-90EB-0320F42C78F4}.Debug|Win32.Build.0 = Debug|Win32
		{9CF2B398-9087-4D33-90EB-0320F42C78F4}.Release|Win32.ActiveCfg = Release|Win32
		{9CF2B398-9087-4D33-90EB-0320F42C78F4}.Release|Win32.Build.0 = Release|Win32
		{571C8E24-AB93-4E18-B8E6-DF3410A6DC4E}.Debug|Win32.ActiveCfg = Debug|Win32
		{571C8E24-AB93-4E18-B8E6-DF3410A6DC4E}.Debug|Win32.Build.0 = Debug|Win32
		{571C8E24-AB93-4E18-B8E6-DF3410A6DC4E}.Release|Win32.ActiveCfg = Release|Win32
		{571C8E24-AB93-4E18-B8E6-DF3410A6DC4E}.Release|Win32.Build.0 = Release|Win32
	EndGlobalSection
	GlobalSection(SolutionProperties) = preSolution
		HideSolutionNode = FALSE
	EndGlobalSection
EndGlobal
