
Microsoft Visual Studio Solution File, Format Version 11.00
# Visual Studio 2010
Project("{8BC9CEB8-8B4A-11D0-8D11-00A0C91BC942}") = "Stellarium", "Stellarium.vcxproj", "{486D205A-73A3-48D8-914D-23F9FB5B3973}"
EndProject
Global
	GlobalSection(SolutionConfigurationPlatforms) = preSolution
		Debug|Win32 = Debug|Win32
		Release|Win32 = Release|Win32
	EndGlobalSection
	GlobalSection(ProjectConfigurationPlatforms) = postSolution
		{486D205A-73A3-48D8-914D-23F9FB5B3973}.Debug|Win32.ActiveCfg = Debug|Win32
		{486D205A-73A3-48D8-914D-23F9FB5B3973}.Debug|Win32.Build.0 = Debug|Win32
		{486D205A-73A3-48D8-914D-23F9FB5B3973}.Release|Win32.ActiveCfg = Release|Win32
		{486D205A-73A3-48D8-914D-23F9FB5B3973}.Release|Win32.Build.0 = Release|Win32
		{209BA6C3-8286-4E86-B111-C29BEA81B14B}.Debug|Win32.ActiveCfg = Debug|Win32
		{209BA6C3-8286-4E86-B111-C29BEA81B14B}.Debug|Win32.Build.0 = Debug|Win32
		{209BA6C3-8286-4E86-B111-C29BEA81B14B}.Release|Win32.ActiveCfg = Release|Win32
		{209BA6C3-8286-4E86-B111-C29BEA81B14B}.Release|Win32.Build.0 = Release|Win32
		{6311BC3F-FF6A-4914-877E-544F451CF931}.Debug|Win32.ActiveCfg = Debug|Win32
		{6311BC3F-FF6A-4914-877E-544F451CF931}.Debug|Win32.Build.0 = Debug|Win32
		{6311BC3F-FF6A-4914-877E-544F451CF931}.Release|Win32.ActiveCfg = Release|Win32
		{6311BC3F-FF6A-4914-877E-544F451CF931}.Release|Win32.Build.0 = Release|Win32
	EndGlobalSection
	GlobalSection(SolutionProperties) = preSolution
		HideSolutionNode = FALSE
	EndGlobalSection
EndGlobal
